
Microsoft Visual Studio Solution File, Format Version 12.00
# Visual Studio 2012
Project("{FAE04EC0-301F-11D3-BF4B-00C04F79EFBC}") = "UploadService", "UploadService\UploadService.csproj", "{A021FBFB-9779-4BD3-A2C2-8DB3B553E2AF}"
EndProject
Project("{2150E333-8FDC-42A3-9474-1A3956D46DE8}") = "Solution Items", "Solution Items", "{B05ED796-4C22-40AE-9CC4-E59F560F259C}"
	ProjectSection(SolutionItems) = preProject
		.gitignore = .gitignore
	EndProjectSection
EndProject
Global
	GlobalSection(SolutionConfigurationPlatforms) = preSolution
		Debug|Any CPU = Debug|Any CPU
		Release|Any CPU = Release|Any CPU
	EndGlobalSection
	GlobalSection(ProjectConfigurationPlatforms) = postSolution
		{A021FBFB-9779-4BD3-A2C2-8DB3B553E2AF}.Debug|Any CPU.ActiveCfg = Debug|Any CPU
		{A021FBFB-9779-4BD3-A2C2-8DB3B553E2AF}.Debug|Any CPU.Build.0 = Debug|Any CPU
		{A021FBFB-9779-4BD3-A2C2-8DB3B553E2AF}.Release|Any CPU.ActiveCfg = Release|Any CPU
		{A021FBFB-9779-4BD3-A2C2-8DB3B553E2AF}.Release|Any CPU.Build.0 = Release|Any CPU
	EndGlobalSection
EndGlobal
